
Microsoft Visual Studio Solution File, Format Version 12.00
# Visual Studio 15
VisualStudioVersion = 15.0.26730.16
MinimumVisualStudioVersion = 10.0.40219.1
Project("{9A19103F-16F7-4668-BE54-9A1E7A4F7556}") = "深入理解CSharp", "深入理解CSharp\深入理解CSharp.csproj", "{207F70A6-F4D4-490E-B935-27E22E779173}"
EndProject
Project("{FAE04EC0-301F-11D3-BF4B-00C04F79EFBC}") = "委托", "委托\委托.csproj", "{0C02F29D-78BA-4BE5-9D6E-D165757D11BF}"
EndProject
Project("{2150E333-8FDC-42A3-9474-1A3956D46DE8}") = "2.0", "2.0", "{8C5729A6-54F1-48FD-AEF8-5DCFDA00D9DE}"
EndProject
Project("{FAE04EC0-301F-11D3-BF4B-00C04F79EFBC}") = "迭代器", "迭代器1\迭代器.csproj", "{547A929B-3727-4D99-916C-B10F45550312}"
EndProject
Project("{2150E333-8FDC-42A3-9474-1A3956D46DE8}") = "3.0", "3.0", "{50C2FC5C-5F85-4218-B5EC-014AA8C33D21}"
EndProject
Project("{FAE04EC0-301F-11D3-BF4B-00C04F79EFBC}") = "智能的编译器", "智能的编译器\智能的编译器.csproj", "{42332740-B9F5-4D06-825F-843D7289A34A}"
EndProject
Project("{9A19103F-16F7-4668-BE54-9A1E7A4F7556}") = "Lamdba", "Lamdba\Lamdba.csproj", "{180998BC-3E2F-431E-A467-B7B3AD9709CD}"
EndProject
Project("{FAE04EC0-301F-11D3-BF4B-00C04F79EFBC}") = "扩展方法", "扩展方法\扩展方法.csproj", "{A5C035F9-C6C0-43AA-BF9C-0D9332114B79}"
EndProject
Project("{2150E333-8FDC-42A3-9474-1A3956D46DE8}") = "5.0", "5.0", "{8D0636DF-F14C-4EEB-B079-B3E7B55AF231}"
EndProject
Project("{FAE04EC0-301F-11D3-BF4B-00C04F79EFBC}") = "AsyncDemo", "AsyncDeo\AsyncDemo.csproj", "{A0DDF718-ACA5-407F-8BA9-7002A1FD22F0}"
EndProject
Global
	GlobalSection(SolutionConfigurationPlatforms) = preSolution
		Debug|Any CPU = Debug|Any CPU
		Release|Any CPU = Release|Any CPU
	EndGlobalSection
	GlobalSection(ProjectConfigurationPlatforms) = postSolution
		{207F70A6-F4D4-490E-B935-27E22E779173}.Debug|Any CPU.ActiveCfg = Debug|Any CPU
		{207F70A6-F4D4-490E-B935-27E22E779173}.Debug|Any CPU.Build.0 = Debug|Any CPU
		{207F70A6-F4D4-490E-B935-27E22E779173}.Release|Any CPU.ActiveCfg = Release|Any CPU
		{207F70A6-F4D4-490E-B935-27E22E779173}.Release|Any CPU.Build.0 = Release|Any CPU
		{0C02F29D-78BA-4BE5-9D6E-D165757D11BF}.Debug|Any CPU.ActiveCfg = Debug|Any CPU
		{0C02F29D-78BA-4BE5-9D6E-D165757D11BF}.Debug|Any CPU.Build.0 = Debug|Any CPU
		{0C02F29D-78BA-4BE5-9D6E-D165757D11BF}.Release|Any CPU.ActiveCfg = Release|Any CPU
		{0C02F29D-78BA-4BE5-9D6E-D165757D11BF}.Release|Any CPU.Build.0 = Release|Any CPU
		{547A929B-3727-4D99-916C-B10F45550312}.Debug|Any CPU.ActiveCfg = Debug|Any CPU
		{547A929B-3727-4D99-916C-B10F45550312}.Debug|Any CPU.Build.0 = Debug|Any CPU
		{547A929B-3727-4D99-916C-B10F45550312}.Release|Any CPU.ActiveCfg = Release|Any CPU
		{547A929B-3727-4D99-916C-B10F45550312}.Release|Any CPU.Build.0 = Release|Any CPU
		{42332740-B9F5-4D06-825F-843D7289A34A}.Debug|Any CPU.ActiveCfg = Debug|Any CPU
		{42332740-B9F5-4D06-825F-843D7289A34A}.Debug|Any CPU.Build.0 = Debug|Any CPU
		{42332740-B9F5-4D06-825F-843D7289A34A}.Release|Any CPU.ActiveCfg = Release|Any CPU
		{42332740-B9F5-4D06-825F-843D7289A34A}.Release|Any CPU.Build.0 = Release|Any CPU
		{180998BC-3E2F-431E-A467-B7B3AD9709CD}.Debug|Any CPU.ActiveCfg = Debug|Any CPU
		{180998BC-3E2F-431E-A467-B7B3AD9709CD}.Debug|Any CPU.Build.0 = Debug|Any CPU
		{180998BC-3E2F-431E-A467-B7B3AD9709CD}.Release|Any CPU.ActiveCfg = Release|Any CPU
		{180998BC-3E2F-431E-A467-B7B3AD9709CD}.Release|Any CPU.Build.0 = Release|Any CPU
		{A5C035F9-C6C0-43AA-BF9C-0D9332114B79}.Debug|Any CPU.ActiveCfg = Debug|Any CPU
		{A5C035F9-C6C0-43AA-BF9C-0D9332114B79}.Debug|Any CPU.Build.0 = Debug|Any CPU
		{A5C035F9-C6C0-43AA-BF9C-0D9332114B79}.Release|Any CPU.ActiveCfg = Release|Any CPU
		{A5C035F9-C6C0-43AA-BF9C-0D9332114B79}.Release|Any CPU.Build.0 = Release|Any CPU
		{A0DDF718-ACA5-407F-8BA9-7002A1FD22F0}.Debug|Any CPU.ActiveCfg = Debug|Any CPU
		{A0DDF718-ACA5-407F-8BA9-7002A1FD22F0}.Debug|Any CPU.Build.0 = Debug|Any CPU
		{A0DDF718-ACA5-407F-8BA9-7002A1FD22F0}.Release|Any CPU.ActiveCfg = Release|Any CPU
		{A0DDF718-ACA5-407F-8BA9-7002A1FD22F0}.Release|Any CPU.Build.0 = Release|Any CPU
	EndGlobalSection
	GlobalSection(SolutionProperties) = preSolution
		HideSolutionNode = FALSE
	EndGlobalSection
	GlobalSection(NestedProjects) = preSolution
		{207F70A6-F4D4-490E-B935-27E22E779173} = {8C5729A6-54F1-48FD-AEF8-5DCFDA00D9DE}
		{0C02F29D-78BA-4BE5-9D6E-D165757D11BF} = {8C5729A6-54F1-48FD-AEF8-5DCFDA00D9DE}
		{547A929B-3727-4D99-916C-B10F45550312} = {8C5729A6-54F1-48FD-AEF8-5DCFDA00D9DE}
		{42332740-B9F5-4D06-825F-843D7289A34A} = {50C2FC5C-5F85-4218-B5EC-014AA8C33D21}
		{180998BC-3E2F-431E-A467-B7B3AD9709CD} = {50C2FC5C-5F85-4218-B5EC-014AA8C33D21}
		{A5C035F9-C6C0-43AA-BF9C-0D9332114B79} = {50C2FC5C-5F85-4218-B5EC-014AA8C33D21}
		{A0DDF718-ACA5-407F-8BA9-7002A1FD22F0} = {8D0636DF-F14C-4EEB-B079-B3E7B55AF231}
	EndGlobalSection
	GlobalSection(ExtensibilityGlobals) = postSolution
		SolutionGuid = {416EDA23-1D95-411E-A0B5-995A503FFFAF}
	EndGlobalSection
EndGlobal
