
Microsoft Visual Studio Solution File, Format Version 12.00
# Visual Studio 2013
VisualStudioVersion = 12.0.40629.0
MinimumVisualStudioVersion = 10.0.40219.1
Project("{FAE04EC0-301F-11D3-BF4B-00C04F79EFBC}") = "WeiXinPay", "WeiXinPay\WeiXinPay.csproj", "{ED8A2B37-841B-460C-8937-64163A4B85F3}"
EndProject
Global
	GlobalSection(SolutionConfigurationPlatforms) = preSolution
		Debug|Any CPU = Debug|Any CPU
		Release|Any CPU = Release|Any CPU
	EndGlobalSection
	GlobalSection(ProjectConfigurationPlatforms) = postSolution
		{ED8A2B37-841B-460C-8937-64163A4B85F3}.Debug|Any CPU.ActiveCfg = Debug|Any CPU
		{ED8A2B37-841B-460C-8937-64163A4B85F3}.Debug|Any CPU.Build.0 = Debug|Any CPU
		{ED8A2B37-841B-460C-8937-64163A4B85F3}.Release|Any CPU.ActiveCfg = Release|Any CPU
		{ED8A2B37-841B-460C-8937-64163A4B85F3}.Release|Any CPU.Build.0 = Release|Any CPU
	EndGlobalSection
	GlobalSection(SolutionProperties) = preSolution
		HideSolutionNode = FALSE
	EndGlobalSection
EndGlobal
